{
  "lockfile_version": "1",
  "packages": {
    "github:NixOS/nixpkgs/nixpkgs-unstable": {
      "resolved": "github:NixOS/nixpkgs/3549532663732bfd89993204d40543e9edaec4f2?lastModified=1742272065&narHash=sha256-ud8vcSzJsZ%2FCK%2Br8%2Fv0lyf4yUntVmDq6Z0A41ODfWbE%3D"
    },
    "nodejs@20": {
      "last_modified": "2025-03-16T23:54:35Z",
      "plugin_version": "0.0.2",
      "resolved": "github:NixOS/nixpkgs/5d9b5431f967007b3952c057fc92af49a4c5f3b2#nodejs_20",
      "source": "devbox-search",
      "version": "20.19.0",
      "systems": {
        "aarch64-darwin": {
          "outputs": [
            {
              "name": "out",
              "path": "/nix/store/4i96rnl7hdzm3k3w36gx7d2p1af3b64q-nodejs-20.19.0",
              "default": true
            },
            {
              "name": "libv8",
              "path": "/nix/store/dvr6jyyhygpci5yj5mdl3p0xi2qcm02g-nodejs-20.19.0-libv8"
            }
          ],
          "store_path": "/nix/store/4i96rnl7hdzm3k3w36gx7d2p1af3b64q-nodejs-20.19.0"
        },
        "aarch64-linux": {
          "outputs": [
            {
              "name": "out",
              "path": "/nix/store/vr3nq0bhrwlnm2prrcwk2m947smfpi87-nodejs-20.19.0",
              "default": true
            },
            {
              "name": "libv8",
              "path": "/nix/store/7xdmbic7ndn40ihqs9fgawcnr8x090nj-nodejs-20.19.0-libv8"
            }
          ],
          "store_path": "/nix/store/vr3nq0bhrwlnm2prrcwk2m947smfpi87-nodejs-20.19.0"
        },
        "x86_64-darwin": {
          "outputs": [
            {
              "name": "out",
              "path": "/nix/store/jjg81i76garf5jii7vyfm5a2dnlng3gi-nodejs-20.19.0",
              "default": true
            },
            {
              "name": "libv8",
              "path": "/nix/store/l90bx7jan3fx5r6z3zn1qya8ans38hrq-nodejs-20.19.0-libv8"
            }
          ],
          "store_path": "/nix/store/jjg81i76garf5jii7vyfm5a2dnlng3gi-nodejs-20.19.0"
        },
        "x86_64-linux": {
          "outputs": [
            {
              "name": "out",
              "path": "/nix/store/088a1y8kvrmvi7vm5ff67hg7c4hcnqg7-nodejs-20.19.0",
              "default": true
            },
            {
              "name": "libv8",
              "path": "/nix/store/njqqwr5311xmnm05ms3n7b8piwnyq7x1-nodejs-20.19.0-libv8"
            }
          ],
          "store_path": "/nix/store/088a1y8kvrmvi7vm5ff67hg7c4hcnqg7-nodejs-20.19.0"
        }
      }
    }
  }
}
